
Microsoft Visual Studio Solution File, Format Version 12.00
# Visual Studio Version 17
VisualStudioVersion = 17.6.33829.357
MinimumVisualStudioVersion = 10.0.40219.1
Project("{FAE04EC0-301F-11D3-BF4B-00C04F79EFBC}") = "PD.DesignPattern.Singleton", "PD.DesignPattern.Singleton\PD.DesignPattern.Singleton.csproj", "{C0D781C6-AA78-41B7-90E1-56F232C2CA80}"
EndProject
Global
	GlobalSection(SolutionConfigurationPlatforms) = preSolution
		Debug|Any CPU = Debug|Any CPU
		Release|Any CPU = Release|Any CPU
	EndGlobalSection
	GlobalSection(ProjectConfigurationPlatforms) = postSolution
		{C0D781C6-AA78-41B7-90E1-56F232C2CA80}.Debug|Any CPU.ActiveCfg = Debug|Any CPU
		{C0D781C6-AA78-41B7-90E1-56F232C2CA80}.Debug|Any CPU.Build.0 = Debug|Any CPU
		{C0D781C6-AA78-41B7-90E1-56F232C2CA80}.Release|Any CPU.ActiveCfg = Release|Any CPU
		{C0D781C6-AA78-41B7-90E1-56F232C2CA80}.Release|Any CPU.Build.0 = Release|Any CPU
	EndGlobalSection
	GlobalSection(SolutionProperties) = preSolution
		HideSolutionNode = FALSE
	EndGlobalSection
	GlobalSection(ExtensibilityGlobals) = postSolution
		SolutionGuid = {FD80F134-8979-4C67-862E-4D61592D0612}
	EndGlobalSection
EndGlobal
